
Microsoft Visual Studio Solution File, Format Version 12.00
# Visual Studio Version 17
VisualStudioVersion = 17.8.34601.278
MinimumVisualStudioVersion = 10.0.40219.1
Project("{FAE04EC0-301F-11D3-BF4B-00C04F79EFBC}") = "VisitorManagementSystem", "VisitorManagementSystem.csproj", "{B6E94E33-00FB-4EF7-8AFF-EDBD5972D471}"
EndProject
Global
	GlobalSection(SolutionConfigurationPlatforms) = preSolution
		Debug|Any CPU = Debug|Any CPU
		Release|Any CPU = Release|Any CPU
	EndGlobalSection
	GlobalSection(ProjectConfigurationPlatforms) = postSolution
		{B6E94E33-00FB-4EF7-8AFF-EDBD5972D471}.Debug|Any CPU.ActiveCfg = Debug|Any CPU
		{B6E94E33-00FB-4EF7-8AFF-EDBD5972D471}.Debug|Any CPU.Build.0 = Debug|Any CPU
		{B6E94E33-00FB-4EF7-8AFF-EDBD5972D471}.Release|Any CPU.ActiveCfg = Release|Any CPU
		{B6E94E33-00FB-4EF7-8AFF-EDBD5972D471}.Release|Any CPU.Build.0 = Release|Any CPU
	EndGlobalSection
	GlobalSection(SolutionProperties) = preSolution
		HideSolutionNode = FALSE
	EndGlobalSection
	GlobalSection(ExtensibilityGlobals) = postSolution
		SolutionGuid = {51F0BB09-2934-4F81-A515-463F5E4707D0}
	EndGlobalSection
EndGlobal
